// !$*UTF8*$!
{
	archiveVersion = 1;
	classes = {
	};
	objectVersion = 46;
	objects = {

/* Begin PBXBuildFile section */
		F012B2C51A785BAB001ABF84 /* SOToolWindowController.m in Sources */ = {isa = PBXBuildFile; fileRef = F012B2C31A785BAB001ABF84 /* SOToolWindowController.m */; };
		F012B2C61A785BAB001ABF84 /* SOToolWindowController.xib in Resources */ = {isa = PBXBuildFile; fileRef = F012B2C41A785BAB001ABF84 /* SOToolWindowController.xib */; };
		F012B2C91A7908E5001ABF84 /* AVFoundation.framework in Frameworks */ = {isa = PBXBuildFile; fileRef = F012B2C81A7908E5001ABF84 /* AVFoundation.framework */; };
		F012B2CB1A7908F2001ABF84 /* Cocoa.framework in Frameworks */ = {isa = PBXBuildFile; fileRef = F012B2CA1A7908F2001ABF84 /* Cocoa.framework */; };
		F012B2CD1A7908FE001ABF84 /* CoreMedia.framework in Frameworks */ = {isa = PBXBuildFile; fileRef = F012B2CC1A7908FD001ABF84 /* CoreMedia.framework */; };
		F012B2CF1A79090D001ABF84 /* AudioToolbox.framework in Frameworks */ = {isa = PBXBuildFile; fileRef = F012B2CE1A79090D001ABF84 /* AudioToolbox.framework */; };
		F012B2D11A7909B6001ABF84 /* AVRecorderDocument.xib in Resources */ = {isa = PBXBuildFile; fileRef = F012B2D01A7909B6001ABF84 /* AVRecorderDocument.xib */; };
		F012B2D41A7909C0001ABF84 /* AVRecorderDocument.m in Sources */ = {isa = PBXBuildFile; fileRef = F012B2D31A7909C0001ABF84 /* AVRecorderDocument.m */; settings = {COMPILER_FLAGS = "-fno-objc-arc"; }; };
		F012B2D91A7909C8001ABF84 /* AVCaptureDeviceFormat_AVRecorderAdditions.m in Sources */ = {isa = PBXBuildFile; fileRef = F012B2D61A7909C8001ABF84 /* AVCaptureDeviceFormat_AVRecorderAdditions.m */; settings = {COMPILER_FLAGS = "-fno-objc-arc"; }; };
		F012B2DA1A7909C8001ABF84 /* AVFrameRateRange_AVRecorderAdditions.m in Sources */ = {isa = PBXBuildFile; fileRef = F012B2D81A7909C8001ABF84 /* AVFrameRateRange_AVRecorderAdditions.m */; settings = {COMPILER_FLAGS = "-fno-objc-arc"; }; };
		F088D0491A7C54890003303F /* AMSerialPort.m in Sources */ = {isa = PBXBuildFile; fileRef = F088D0401A7C54890003303F /* AMSerialPort.m */; settings = {COMPILER_FLAGS = "-fno-objc-arc"; }; };
		F088D04A1A7C54890003303F /* AMSerialPortAdditions.m in Sources */ = {isa = PBXBuildFile; fileRef = F088D0421A7C54890003303F /* AMSerialPortAdditions.m */; settings = {COMPILER_FLAGS = "-fno-objc-arc"; }; };
		F088D04B1A7C54890003303F /* AMSerialPortList.m in Sources */ = {isa = PBXBuildFile; fileRef = F088D0441A7C54890003303F /* AMSerialPortList.m */; settings = {COMPILER_FLAGS = "-fno-objc-arc"; }; };
		F088D04C1A7C54890003303F /* AMSerialPortList_Deprecated.m in Sources */ = {isa = PBXBuildFile; fileRef = F088D0461A7C54890003303F /* AMSerialPortList_Deprecated.m */; settings = {COMPILER_FLAGS = "-fno-objc-arc"; }; };
		F088D04D1A7C54890003303F /* AMStandardEnumerator.m in Sources */ = {isa = PBXBuildFile; fileRef = F088D0481A7C54890003303F /* AMStandardEnumerator.m */; settings = {COMPILER_FLAGS = "-fno-objc-arc"; }; };
		F088D0501A7C56760003303F /* Matatino.m in Sources */ = {isa = PBXBuildFile; fileRef = F088D04F1A7C56760003303F /* Matatino.m */; settings = {COMPILER_FLAGS = "-fno-objc-arc"; }; };
		F0BA27D61A0C5F23008001A3 /* main.m in Sources */ = {isa = PBXBuildFile; fileRef = F0BA27D51A0C5F23008001A3 /* main.m */; };
		F0BA27D91A0C5F23008001A3 /* AppDelegate.m in Sources */ = {isa = PBXBuildFile; fileRef = F0BA27D81A0C5F23008001A3 /* AppDelegate.m */; };
		F0BA27DB1A0C5F23008001A3 /* Images.xcassets in Resources */ = {isa = PBXBuildFile; fileRef = F0BA27DA1A0C5F23008001A3 /* Images.xcassets */; };
		F0BA27DE1A0C5F23008001A3 /* MainMenu.xib in Resources */ = {isa = PBXBuildFile; fileRef = F0BA27DC1A0C5F23008001A3 /* MainMenu.xib */; };
		F0BA27EA1A0C5F24008001A3 /* VLVisualTests.m in Sources */ = {isa = PBXBuildFile; fileRef = F0BA27E91A0C5F24008001A3 /* VLVisualTests.m */; };
/* End PBXBuildFile section */

/* Begin PBXContainerItemProxy section */
		F0BA27E41A0C5F24008001A3 /* PBXContainerItemProxy */ = {
			isa = PBXContainerItemProxy;
			containerPortal = F0BA27C81A0C5F23008001A3 /* Project object */;
			proxyType = 1;
			remoteGlobalIDString = F0BA27CF1A0C5F23008001A3;
			remoteInfo = VLVisual;
		};
/* End PBXContainerItemProxy section */

/* Begin PBXFileReference section */
		F012B2C21A785BAB001ABF84 /* SOToolWindowController.h */ = {isa = PBXFileReference; fileEncoding = 4; lastKnownFileType = sourcecode.c.h; path = SOToolWindowController.h; sourceTree = "<group>"; };
		F012B2C31A785BAB001ABF84 /* SOToolWindowController.m */ = {isa = PBXFileReference; fileEncoding = 4; lastKnownFileType = sourcecode.c.objc; path = SOToolWindowController.m; sourceTree = "<group>"; };
		F012B2C41A785BAB001ABF84 /* SOToolWindowController.xib */ = {isa = PBXFileReference; fileEncoding = 4; lastKnownFileType = file.xib; name = SOToolWindowController.xib; path = Source/SOToolWindowController.xib; sourceTree = "<group>"; };
		F012B2C81A7908E5001ABF84 /* AVFoundation.framework */ = {isa = PBXFileReference; lastKnownFileType = wrapper.framework; name = AVFoundation.framework; path = System/Library/Frameworks/AVFoundation.framework; sourceTree = SDKROOT; };
		F012B2CA1A7908F2001ABF84 /* Cocoa.framework */ = {isa = PBXFileReference; lastKnownFileType = wrapper.framework; name = Cocoa.framework; path = System/Library/Frameworks/Cocoa.framework; sourceTree = SDKROOT; };
		F012B2CC1A7908FD001ABF84 /* CoreMedia.framework */ = {isa = PBXFileReference; lastKnownFileType = wrapper.framework; name = CoreMedia.framework; path = System/Library/Frameworks/CoreMedia.framework; sourceTree = SDKROOT; };
		F012B2CE1A79090D001ABF84 /* AudioToolbox.framework */ = {isa = PBXFileReference; lastKnownFileType = wrapper.framework; name = AudioToolbox.framework; path = System/Library/Frameworks/AudioToolbox.framework; sourceTree = SDKROOT; };
		F012B2D01A7909B6001ABF84 /* AVRecorderDocument.xib */ = {isa = PBXFileReference; fileEncoding = 4; lastKnownFileType = file.xib; path = AVRecorderDocument.xib; sourceTree = "<group>"; };
		F012B2D21A7909C0001ABF84 /* AVRecorderDocument.h */ = {isa = PBXFileReference; fileEncoding = 4; lastKnownFileType = sourcecode.c.h; path = AVRecorderDocument.h; sourceTree = "<group>"; };
		F012B2D31A7909C0001ABF84 /* AVRecorderDocument.m */ = {isa = PBXFileReference; fileEncoding = 4; lastKnownFileType = sourcecode.c.objc; path = AVRecorderDocument.m; sourceTree = "<group>"; };
		F012B2D51A7909C8001ABF84 /* AVCaptureDeviceFormat_AVRecorderAdditions.h */ = {isa = PBXFileReference; fileEncoding = 4; lastKnownFileType = sourcecode.c.h; path = AVCaptureDeviceFormat_AVRecorderAdditions.h; sourceTree = "<group>"; };
		F012B2D61A7909C8001ABF84 /* AVCaptureDeviceFormat_AVRecorderAdditions.m */ = {isa = PBXFileReference; fileEncoding = 4; lastKnownFileType = sourcecode.c.objc; path = AVCaptureDeviceFormat_AVRecorderAdditions.m; sourceTree = "<group>"; };
		F012B2D71A7909C8001ABF84 /* AVFrameRateRange_AVRecorderAdditions.h */ = {isa = PBXFileReference; fileEncoding = 4; lastKnownFileType = sourcecode.c.h; path = AVFrameRateRange_AVRecorderAdditions.h; sourceTree = "<group>"; };
		F012B2D81A7909C8001ABF84 /* AVFrameRateRange_AVRecorderAdditions.m */ = {isa = PBXFileReference; fileEncoding = 4; lastKnownFileType = sourcecode.c.objc; path = AVFrameRateRange_AVRecorderAdditions.m; sourceTree = "<group>"; };
		F088D03D1A7C54890003303F /* AMSDKCompatibility.h */ = {isa = PBXFileReference; fileEncoding = 4; lastKnownFileType = sourcecode.c.h; path = AMSDKCompatibility.h; sourceTree = "<group>"; };
		F088D03E1A7C54890003303F /* AMSerialErrors.h */ = {isa = PBXFileReference; fileEncoding = 4; lastKnownFileType = sourcecode.c.h; path = AMSerialErrors.h; sourceTree = "<group>"; };
		F088D03F1A7C54890003303F /* AMSerialPort.h */ = {isa = PBXFileReference; fileEncoding = 4; lastKnownFileType = sourcecode.c.h; path = AMSerialPort.h; sourceTree = "<group>"; };
		F088D0401A7C54890003303F /* AMSerialPort.m */ = {isa = PBXFileReference; fileEncoding = 4; lastKnownFileType = sourcecode.c.objc; path = AMSerialPort.m; sourceTree = "<group>"; };
		F088D0411A7C54890003303F /* AMSerialPortAdditions.h */ = {isa = PBXFileReference; fileEncoding = 4; lastKnownFileType = sourcecode.c.h; path = AMSerialPortAdditions.h; sourceTree = "<group>"; };
		F088D0421A7C54890003303F /* AMSerialPortAdditions.m */ = {isa = PBXFileReference; fileEncoding = 4; lastKnownFileType = sourcecode.c.objc; path = AMSerialPortAdditions.m; sourceTree = "<group>"; };
		F088D0431A7C54890003303F /* AMSerialPortList.h */ = {isa = PBXFileReference; fileEncoding = 4; lastKnownFileType = sourcecode.c.h; path = AMSerialPortList.h; sourceTree = "<group>"; };
		F088D0441A7C54890003303F /* AMSerialPortList.m */ = {isa = PBXFileReference; fileEncoding = 4; lastKnownFileType = sourcecode.c.objc; path = AMSerialPortList.m; sourceTree = "<group>"; };
		F088D0451A7C54890003303F /* AMSerialPortList_Deprecated.h */ = {isa = PBXFileReference; fileEncoding = 4; lastKnownFileType = sourcecode.c.h; path = AMSerialPortList_Deprecated.h; sourceTree = "<group>"; };
		F088D0461A7C54890003303F /* AMSerialPortList_Deprecated.m */ = {isa = PBXFileReference; fileEncoding = 4; lastKnownFileType = sourcecode.c.objc; path = AMSerialPortList_Deprecated.m; sourceTree = "<group>"; };
		F088D0471A7C54890003303F /* AMStandardEnumerator.h */ = {isa = PBXFileReference; fileEncoding = 4; lastKnownFileType = sourcecode.c.h; path = AMStandardEnumerator.h; sourceTree = "<group>"; };
		F088D0481A7C54890003303F /* AMStandardEnumerator.m */ = {isa = PBXFileReference; fileEncoding = 4; lastKnownFileType = sourcecode.c.objc; path = AMStandardEnumerator.m; sourceTree = "<group>"; };
		F088D04F1A7C56760003303F /* Matatino.m */ = {isa = PBXFileReference; fileEncoding = 4; lastKnownFileType = sourcecode.c.objc; path = Matatino.m; sourceTree = "<group>"; };
		F088D0511A7C567D0003303F /* Matatino.h */ = {isa = PBXFileReference; lastKnownFileType = sourcecode.c.h; path = Matatino.h; sourceTree = "<group>"; };
		F0BA27D01A0C5F23008001A3 /* VLVisual.app */ = {isa = PBXFileReference; explicitFileType = wrapper.application; includeInIndex = 0; path = VLVisual.app; sourceTree = BUILT_PRODUCTS_DIR; };
		F0BA27D41A0C5F23008001A3 /* Info.plist */ = {isa = PBXFileReference; lastKnownFileType = text.plist.xml; path = Info.plist; sourceTree = "<group>"; };
		F0BA27D51A0C5F23008001A3 /* main.m */ = {isa = PBXFileReference; lastKnownFileType = sourcecode.c.objc; path = main.m; sourceTree = "<group>"; };
		F0BA27D71A0C5F23008001A3 /* AppDelegate.h */ = {isa = PBXFileReference; lastKnownFileType = sourcecode.c.h; path = AppDelegate.h; sourceTree = "<group>"; };
		F0BA27D81A0C5F23008001A3 /* AppDelegate.m */ = {isa = PBXFileReference; lastKnownFileType = sourcecode.c.objc; path = AppDelegate.m; sourceTree = "<group>"; };
		F0BA27DA1A0C5F23008001A3 /* Images.xcassets */ = {isa = PBXFileReference; lastKnownFileType = folder.assetcatalog; path = Images.xcassets; sourceTree = "<group>"; };
		F0BA27DD1A0C5F23008001A3 /* Base */ = {isa = PBXFileReference; lastKnownFileType = file.xib; name = Base; path = Base.lproj/MainMenu.xib; sourceTree = "<group>"; };
		F0BA27E31A0C5F24008001A3 /* VLVisualTests.xctest */ = {isa = PBXFileReference; explicitFileType = wrapper.cfbundle; includeInIndex = 0; path = VLVisualTests.xctest; sourceTree = BUILT_PRODUCTS_DIR; };
		F0BA27E81A0C5F24008001A3 /* Info.plist */ = {isa = PBXFileReference; lastKnownFileType = text.plist.xml; path = Info.plist; sourceTree = "<group>"; };
		F0BA27E91A0C5F24008001A3 /* VLVisualTests.m */ = {isa = PBXFileReference; lastKnownFileType = sourcecode.c.objc; path = VLVisualTests.m; sourceTree = "<group>"; };
/* End PBXFileReference section */

/* Begin PBXFrameworksBuildPhase section */
		F0BA27CD1A0C5F23008001A3 /* Frameworks */ = {
			isa = PBXFrameworksBuildPhase;
			buildActionMask = 2147483647;
			files = (
				F012B2CF1A79090D001ABF84 /* AudioToolbox.framework in Frameworks */,
				F012B2CD1A7908FE001ABF84 /* CoreMedia.framework in Frameworks */,
				F012B2CB1A7908F2001ABF84 /* Cocoa.framework in Frameworks */,
				F012B2C91A7908E5001ABF84 /* AVFoundation.framework in Frameworks */,
			);
			runOnlyForDeploymentPostprocessing = 0;
		};
		F0BA27E01A0C5F24008001A3 /* Frameworks */ = {
			isa = PBXFrameworksBuildPhase;
			buildActionMask = 2147483647;
			files = (
			);
			runOnlyForDeploymentPostprocessing = 0;
		};
/* End PBXFrameworksBuildPhase section */

/* Begin PBXGroup section */
		F012B2C71A7908BF001ABF84 /* Frameworks */ = {
			isa = PBXGroup;
			children = (
				F012B2CE1A79090D001ABF84 /* AudioToolbox.framework */,
				F012B2CC1A7908FD001ABF84 /* CoreMedia.framework */,
				F012B2CA1A7908F2001ABF84 /* Cocoa.framework */,
				F012B2C81A7908E5001ABF84 /* AVFoundation.framework */,
			);
			name = Frameworks;
			sourceTree = "<group>";
		};
		F088D03C1A7C54890003303F /* AMSerialPort */ = {
			isa = PBXGroup;
			children = (
				F088D03D1A7C54890003303F /* AMSDKCompatibility.h */,
				F088D03E1A7C54890003303F /* AMSerialErrors.h */,
				F088D03F1A7C54890003303F /* AMSerialPort.h */,
				F088D0401A7C54890003303F /* AMSerialPort.m */,
				F088D0411A7C54890003303F /* AMSerialPortAdditions.h */,
				F088D0421A7C54890003303F /* AMSerialPortAdditions.m */,
				F088D0431A7C54890003303F /* AMSerialPortList.h */,
				F088D0441A7C54890003303F /* AMSerialPortList.m */,
				F088D0451A7C54890003303F /* AMSerialPortList_Deprecated.h */,
				F088D0461A7C54890003303F /* AMSerialPortList_Deprecated.m */,
				F088D0471A7C54890003303F /* AMStandardEnumerator.h */,
				F088D0481A7C54890003303F /* AMStandardEnumerator.m */,
			);
			path = AMSerialPort;
			sourceTree = "<group>";
		};
		F088D04E1A7C566D0003303F /* Matatino */ = {
			isa = PBXGroup;
			children = (
				F088D0511A7C567D0003303F /* Matatino.h */,
				F088D04F1A7C56760003303F /* Matatino.m */,
			);
			path = Matatino;
			sourceTree = "<group>";
		};
		F0BA27C71A0C5F23008001A3 = {
			isa = PBXGroup;
			children = (
				F012B2C71A7908BF001ABF84 /* Frameworks */,
				F0BA27D21A0C5F23008001A3 /* VLVisual */,
				F0BA27E61A0C5F24008001A3 /* VLVisualTests */,
				F0BA27D11A0C5F23008001A3 /* Products */,
			);
			sourceTree = "<group>";
		};
		F0BA27D11A0C5F23008001A3 /* Products */ = {
			isa = PBXGroup;
			children = (
				F0BA27D01A0C5F23008001A3 /* VLVisual.app */,
				F0BA27E31A0C5F24008001A3 /* VLVisualTests.xctest */,
			);
			name = Products;
			sourceTree = "<group>";
		};
		F0BA27D21A0C5F23008001A3 /* VLVisual */ = {
			isa = PBXGroup;
			children = (
				F0BA27D71A0C5F23008001A3 /* AppDelegate.h */,
				F0BA27D81A0C5F23008001A3 /* AppDelegate.m */,
				F0BA27F41A0C603C008001A3 /* Source */,
				F088D03C1A7C54890003303F /* AMSerialPort */,
				F088D04E1A7C566D0003303F /* Matatino */,
				F0BA27F31A0C5FF8008001A3 /* Resources */,
				F0BA27D31A0C5F23008001A3 /* Supporting Files */,
			);
			path = VLVisual;
			sourceTree = "<group>";
		};
		F0BA27D31A0C5F23008001A3 /* Supporting Files */ = {
			isa = PBXGroup;
			children = (
				F0BA27D41A0C5F23008001A3 /* Info.plist */,
				F0BA27D51A0C5F23008001A3 /* main.m */,
			);
			name = "Supporting Files";
			sourceTree = "<group>";
		};
		F0BA27E61A0C5F24008001A3 /* VLVisualTests */ = {
			isa = PBXGroup;
			children = (
				F0BA27E91A0C5F24008001A3 /* VLVisualTests.m */,
				F0BA27E71A0C5F24008001A3 /* Supporting Files */,
			);
			path = VLVisualTests;
			sourceTree = "<group>";
		};
		F0BA27E71A0C5F24008001A3 /* Supporting Files */ = {
			isa = PBXGroup;
			children = (
				F0BA27E81A0C5F24008001A3 /* Info.plist */,
			);
			name = "Supporting Files";
			sourceTree = "<group>";
		};
		F0BA27F31A0C5FF8008001A3 /* Resources */ = {
			isa = PBXGroup;
			children = (
				F0BA27DC1A0C5F23008001A3 /* MainMenu.xib */,
				F012B2C41A785BAB001ABF84 /* SOToolWindowController.xib */,
				F012B2D01A7909B6001ABF84 /* AVRecorderDocument.xib */,
				F0BA27DA1A0C5F23008001A3 /* Images.xcassets */,
			);
			name = Resources;
			sourceTree = "<group>";
		};
		F0BA27F41A0C603C008001A3 /* Source */ = {
			isa = PBXGroup;
			children = (
				F012B2D21A7909C0001ABF84 /* AVRecorderDocument.h */,
				F012B2D31A7909C0001ABF84 /* AVRecorderDocument.m */,
				F012B2D51A7909C8001ABF84 /* AVCaptureDeviceFormat_AVRecorderAdditions.h */,
				F012B2D61A7909C8001ABF84 /* AVCaptureDeviceFormat_AVRecorderAdditions.m */,
				F012B2D71A7909C8001ABF84 /* AVFrameRateRange_AVRecorderAdditions.h */,
				F012B2D81A7909C8001ABF84 /* AVFrameRateRange_AVRecorderAdditions.m */,
				F012B2C21A785BAB001ABF84 /* SOToolWindowController.h */,
				F012B2C31A785BAB001ABF84 /* SOToolWindowController.m */,
			);
			path = Source;
			sourceTree = "<group>";
		};
/* End PBXGroup section */

/* Begin PBXNativeTarget section */
		F0BA27CF1A0C5F23008001A3 /* VLVisual */ = {
			isa = PBXNativeTarget;
			buildConfigurationList = F0BA27ED1A0C5F24008001A3 /* Build configuration list for PBXNativeTarget "VLVisual" */;
			buildPhases = (
				F0BA27CC1A0C5F23008001A3 /* Sources */,
				F0BA27CD1A0C5F23008001A3 /* Frameworks */,
				F0BA27CE1A0C5F23008001A3 /* Resources */,
			);
			buildRules = (
			);
			dependencies = (
			);
			name = VLVisual;
			productName = VLVisual;
			productReference = F0BA27D01A0C5F23008001A3 /* VLVisual.app */;
			productType = "com.apple.product-type.application";
		};
		F0BA27E21A0C5F24008001A3 /* VLVisualTests */ = {
			isa = PBXNativeTarget;
			buildConfigurationList = F0BA27F01A0C5F24008001A3 /* Build configuration list for PBXNativeTarget "VLVisualTests" */;
			buildPhases = (
				F0BA27DF1A0C5F24008001A3 /* Sources */,
				F0BA27E01A0C5F24008001A3 /* Frameworks */,
				F0BA27E11A0C5F24008001A3 /* Resources */,
			);
			buildRules = (
			);
			dependencies = (
				F0BA27E51A0C5F24008001A3 /* PBXTargetDependency */,
			);
			name = VLVisualTests;
			productName = VLVisualTests;
			productReference = F0BA27E31A0C5F24008001A3 /* VLVisualTests.xctest */;
			productType = "com.apple.product-type.bundle.unit-test";
		};
/* End PBXNativeTarget section */

/* Begin PBXProject section */
		F0BA27C81A0C5F23008001A3 /* Project object */ = {
			isa = PBXProject;
			attributes = {
				LastUpgradeCheck = 0600;
				ORGANIZATIONNAME = "Steph OHara";
				TargetAttributes = {
					F0BA27CF1A0C5F23008001A3 = {
						CreatedOnToolsVersion = 6.0.1;
					};
					F0BA27E21A0C5F24008001A3 = {
						CreatedOnToolsVersion = 6.0.1;
						TestTargetID = F0BA27CF1A0C5F23008001A3;
					};
				};
			};
			buildConfigurationList = F0BA27CB1A0C5F23008001A3 /* Build configuration list for PBXProject "VLVisual" */;
			compatibilityVersion = "Xcode 3.2";
			developmentRegion = English;
			hasScannedForEncodings = 0;
			knownRegions = (
				en,
				Base,
			);
			mainGroup = F0BA27C71A0C5F23008001A3;
			productRefGroup = F0BA27D11A0C5F23008001A3 /* Products */;
			projectDirPath = "";
			projectRoot = "";
			targets = (
				F0BA27CF1A0C5F23008001A3 /* VLVisual */,
				F0BA27E21A0C5F24008001A3 /* VLVisualTests */,
			);
		};
/* End PBXProject section */

/* Begin PBXResourcesBuildPhase section */
		F0BA27CE1A0C5F23008001A3 /* Resources */ = {
			isa = PBXResourcesBuildPhase;
			buildActionMask = 2147483647;
			files = (
				F0BA27DB1A0C5F23008001A3 /* Images.xcassets in Resources */,
				F012B2C61A785BAB001ABF84 /* SOToolWindowController.xib in Resources */,
				F0BA27DE1A0C5F23008001A3 /* MainMenu.xib in Resources */,
				F012B2D11A7909B6001ABF84 /* AVRecorderDocument.xib in Resources */,
			);
			runOnlyForDeploymentPostprocessing = 0;
		};
		F0BA27E11A0C5F24008001A3 /* Resources */ = {
			isa = PBXResourcesBuildPhase;
			buildActionMask = 2147483647;
			files = (
			);
			runOnlyForDeploymentPostprocessing = 0;
		};
/* End PBXResourcesBuildPhase section */

/* Begin PBXSourcesBuildPhase section */
		F0BA27CC1A0C5F23008001A3 /* Sources */ = {
			isa = PBXSourcesBuildPhase;
			buildActionMask = 2147483647;
			files = (
				F0BA27D91A0C5F23008001A3 /* AppDelegate.m in Sources */,
				F0BA27D61A0C5F23008001A3 /* main.m in Sources */,
				F012B2C51A785BAB001ABF84 /* SOToolWindowController.m in Sources */,
				F088D0491A7C54890003303F /* AMSerialPort.m in Sources */,
				F088D04A1A7C54890003303F /* AMSerialPortAdditions.m in Sources */,
				F088D04C1A7C54890003303F /* AMSerialPortList_Deprecated.m in Sources */,
				F088D0501A7C56760003303F /* Matatino.m in Sources */,
				F012B2D91A7909C8001ABF84 /* AVCaptureDeviceFormat_AVRecorderAdditions.m in Sources */,
				F012B2D41A7909C0001ABF84 /* AVRecorderDocument.m in Sources */,
				F088D04B1A7C54890003303F /* AMSerialPortList.m in Sources */,
				F088D04D1A7C54890003303F /* AMStandardEnumerator.m in Sources */,
				F012B2DA1A7909C8001ABF84 /* AVFrameRateRange_AVRecorderAdditions.m in Sources */,
			);
			runOnlyForDeploymentPostprocessing = 0;
		};
		F0BA27DF1A0C5F24008001A3 /* Sources */ = {
			isa = PBXSourcesBuildPhase;
			buildActionMask = 2147483647;
			files = (
				F0BA27EA1A0C5F24008001A3 /* VLVisualTests.m in Sources */,
			);
			runOnlyForDeploymentPostprocessing = 0;
		};
/* End PBXSourcesBuildPhase section */

/* Begin PBXTargetDependency section */
		F0BA27E51A0C5F24008001A3 /* PBXTargetDependency */ = {
			isa = PBXTargetDependency;
			target = F0BA27CF1A0C5F23008001A3 /* VLVisual */;
			targetProxy = F0BA27E41A0C5F24008001A3 /* PBXContainerItemProxy */;
		};
/* End PBXTargetDependency section */

/* Begin PBXVariantGroup section */
		F0BA27DC1A0C5F23008001A3 /* MainMenu.xib */ = {
			isa = PBXVariantGroup;
			children = (
				F0BA27DD1A0C5F23008001A3 /* Base */,
			);
			name = MainMenu.xib;
			sourceTree = "<group>";
		};
/* End PBXVariantGroup section */

/* Begin XCBuildConfiguration section */
		F0BA27EB1A0C5F24008001A3 /* Debug */ = {
			isa = XCBuildConfiguration;
			buildSettings = {
				ALWAYS_SEARCH_USER_PATHS = NO;
				CLANG_CXX_LANGUAGE_STANDARD = "gnu++0x";
				CLANG_CXX_LIBRARY = "libc++";
				CLANG_ENABLE_MODULES = YES;
				CLANG_ENABLE_OBJC_ARC = YES;
				CLANG_WARN_BOOL_CONVERSION = YES;
				CLANG_WARN_CONSTANT_CONVERSION = YES;
				CLANG_WARN_DIRECT_OBJC_ISA_USAGE = YES_ERROR;
				CLANG_WARN_EMPTY_BODY = YES;
				CLANG_WARN_ENUM_CONVERSION = YES;
				CLANG_WARN_INT_CONVERSION = YES;
				CLANG_WARN_OBJC_ROOT_CLASS = YES_ERROR;
				CLANG_WARN_UNREACHABLE_CODE = YES;
				CLANG_WARN__DUPLICATE_METHOD_MATCH = YES;
				CODE_SIGN_IDENTITY = "-";
				COPY_PHASE_STRIP = NO;
				ENABLE_STRICT_OBJC_MSGSEND = YES;
				GCC_C_LANGUAGE_STANDARD = gnu99;
				GCC_DYNAMIC_NO_PIC = NO;
				GCC_OPTIMIZATION_LEVEL = 0;
				GCC_PREPROCESSOR_DEFINITIONS = (
					"DEBUG=1",
					"$(inherited)",
				);
				GCC_SYMBOLS_PRIVATE_EXTERN = NO;
				GCC_WARN_64_TO_32_BIT_CONVERSION = YES;
				GCC_WARN_ABOUT_RETURN_TYPE = YES_ERROR;
				GCC_WARN_UNDECLARED_SELECTOR = YES;
				GCC_WARN_UNINITIALIZED_AUTOS = YES_AGGRESSIVE;
				GCC_WARN_UNUSED_FUNCTION = YES;
				GCC_WARN_UNUSED_VARIABLE = YES;
				MACOSX_DEPLOYMENT_TARGET = 10.9;
				MTL_ENABLE_DEBUG_INFO = YES;
				ONLY_ACTIVE_ARCH = YES;
				SDKROOT = macosx;
			};
			name = Debug;
		};
		F0BA27EC1A0C5F24008001A3 /* Release */ = {
			isa = XCBuildConfiguration;
			buildSettings = {
				ALWAYS_SEARCH_USER_PATHS = NO;
				CLANG_CXX_LANGUAGE_STANDARD = "gnu++0x";
				CLANG_CXX_LIBRARY = "libc++";
				CLANG_ENABLE_MODULES = YES;
				CLANG_ENABLE_OBJC_ARC = YES;
				CLANG_WARN_BOOL_CONVERSION = YES;
				CLANG_WARN_CONSTANT_CONVERSION = YES;
				CLANG_WARN_DIRECT_OBJC_ISA_USAGE = YES_ERROR;
				CLANG_WARN_EMPTY_BODY = YES;
				CLANG_WARN_ENUM_CONVERSION = YES;
				CLANG_WARN_INT_CONVERSION = YES;
				CLANG_WARN_OBJC_ROOT_CLASS = YES_ERROR;
				CLANG_WARN_UNREACHABLE_CODE = YES;
				CLANG_WARN__DUPLICATE_METHOD_MATCH = YES;
				CODE_SIGN_IDENTITY = "-";
				COPY_PHASE_STRIP = YES;
				DEBUG_INFORMATION_FORMAT = "dwarf-with-dsym";
				ENABLE_NS_ASSERTIONS = NO;
				ENABLE_STRICT_OBJC_MSGSEND = YES;
				GCC_C_LANGUAGE_STANDARD = gnu99;
				GCC_WARN_64_TO_32_BIT_CONVERSION = YES;
				GCC_WARN_ABOUT_RETURN_TYPE = YES_ERROR;
				GCC_WARN_UNDECLARED_SELECTOR = YES;
				GCC_WARN_UNINITIALIZED_AUTOS = YES_AGGRESSIVE;
				GCC_WARN_UNUSED_FUNCTION = YES;
				GCC_WARN_UNUSED_VARIABLE = YES;
				MACOSX_DEPLOYMENT_TARGET = 10.9;
				MTL_ENABLE_DEBUG_INFO = NO;
				SDKROOT = macosx;
			};
			name = Release;
		};
		F0BA27EE1A0C5F24008001A3 /* Debug */ = {
			isa = XCBuildConfiguration;
			buildSettings = {
				ASSETCATALOG_COMPILER_APPICON_NAME = AppIcon;
				COMBINE_HIDPI_IMAGES = YES;
				INFOPLIST_FILE = VLVisual/Info.plist;
				LD_RUNPATH_SEARCH_PATHS = "$(inherited) @executable_path/../Frameworks";
				PRODUCT_NAME = "$(TARGET_NAME)";
			};
			name = Debug;
		};
		F0BA27EF1A0C5F24008001A3 /* Release */ = {
			isa = XCBuildConfiguration;
			buildSettings = {
				ASSETCATALOG_COMPILER_APPICON_NAME = AppIcon;
				COMBINE_HIDPI_IMAGES = YES;
				INFOPLIST_FILE = VLVisual/Info.plist;
				LD_RUNPATH_SEARCH_PATHS = "$(inherited) @executable_path/../Frameworks";
				PRODUCT_NAME = "$(TARGET_NAME)";
			};
			name = Release;
		};
		F0BA27F11A0C5F24008001A3 /* Debug */ = {
			isa = XCBuildConfiguration;
			buildSettings = {
				BUNDLE_LOADER = "$(TEST_HOST)";
				COMBINE_HIDPI_IMAGES = YES;
				FRAMEWORK_SEARCH_PATHS = (
					"$(DEVELOPER_FRAMEWORKS_DIR)",
					"$(inherited)",
				);
				GCC_PREPROCESSOR_DEFINITIONS = (
					"DEBUG=1",
					"$(inherited)",
				);
				INFOPLIST_FILE = VLVisualTests/Info.plist;
				LD_RUNPATH_SEARCH_PATHS = "$(inherited) @executable_path/../Frameworks @loader_path/../Frameworks";
				PRODUCT_NAME = "$(TARGET_NAME)";
				TEST_HOST = "$(BUILT_PRODUCTS_DIR)/VLVisual.app/Contents/MacOS/VLVisual";
			};
			name = Debug;
		};
		F0BA27F21A0C5F24008001A3 /* Release */ = {
			isa = XCBuildConfiguration;
			buildSettings = {
				BUNDLE_LOADER = "$(TEST_HOST)";
				COMBINE_HIDPI_IMAGES = YES;
				FRAMEWORK_SEARCH_PATHS = (
					"$(DEVELOPER_FRAMEWORKS_DIR)",
					"$(inherited)",
				);
				INFOPLIST_FILE = VLVisualTests/Info.plist;
				LD_RUNPATH_SEARCH_PATHS = "$(inherited) @executable_path/../Frameworks @loader_path/../Frameworks";
				PRODUCT_NAME = "$(TARGET_NAME)";
				TEST_HOST = "$(BUILT_PRODUCTS_DIR)/VLVisual.app/Contents/MacOS/VLVisual";
			};
			name = Release;
		};
/* End XCBuildConfiguration section */

/* Begin XCConfigurationList section */
		F0BA27CB1A0C5F23008001A3 /* Build configuration list for PBXProject "VLVisual" */ = {
			isa = XCConfigurationList;
			buildConfigurations = (
				F0BA27EB1A0C5F24008001A3 /* Debug */,
				F0BA27EC1A0C5F24008001A3 /* Release */,
			);
			defaultConfigurationIsVisible = 0;
			defaultConfigurationName = Release;
		};
		F0BA27ED1A0C5F24008001A3 /* Build configuration list for PBXNativeTarget "VLVisual" */ = {
			isa = XCConfigurationList;
			buildConfigurations = (
				F0BA27EE1A0C5F24008001A3 /* Debug */,
				F0BA27EF1A0C5F24008001A3 /* Release */,
			);
			defaultConfigurationIsVisible = 0;
			defaultConfigurationName = Release;
		};
		F0BA27F01A0C5F24008001A3 /* Build configuration list for PBXNativeTarget "VLVisualTests" */ = {
			isa = XCConfigurationList;
			buildConfigurations = (
				F0BA27F11A0C5F24008001A3 /* Debug */,
				F0BA27F21A0C5F24008001A3 /* Release */,
			);
			defaultConfigurationIsVisible = 0;
			defaultConfigurationName = Release;
		};
/* End XCConfigurationList section */
	};
	rootObject = F0BA27C81A0C5F23008001A3 /* Project object */;
}
